
Microsoft Visual Studio Solution File, Format Version 12.00
# Visual Studio Version 16
VisualStudioVersion = 16.0.31105.61
MinimumVisualStudioVersion = 10.0.40219.1
Project("{9A19103F-16F7-4668-BE54-9A1E7A4F7556}") = "ConsoleApp", "ConsoleApp\ConsoleApp.csproj", "{5DCEE1EC-CA33-431A-AA07-F1E4035072C7}"
EndProject
Project("{9A19103F-16F7-4668-BE54-9A1E7A4F7556}") = "StandardLibrary", "GreetingStandardLibrary\StandardLibrary.csproj", "{0197FA2E-892B-46C0-B2B8-9C763A761899}"
EndProject
Project("{FAE04EC0-301F-11D3-BF4B-00C04F79EFBC}") = "WindowsFormsApp", "WindowsFormsApp\WindowsFormsApp.csproj", "{11CC408F-2876-459C-B78F-FFCC24318343}"
EndProject
Global
	GlobalSection(SolutionConfigurationPlatforms) = preSolution
		Debug|Any CPU = Debug|Any CPU
		Release|Any CPU = Release|Any CPU
	EndGlobalSection
	GlobalSection(ProjectConfigurationPlatforms) = postSolution
		{5DCEE1EC-CA33-431A-AA07-F1E4035072C7}.Debug|Any CPU.ActiveCfg = Debug|Any CPU
		{5DCEE1EC-CA33-431A-AA07-F1E4035072C7}.Debug|Any CPU.Build.0 = Debug|Any CPU
		{5DCEE1EC-CA33-431A-AA07-F1E4035072C7}.Release|Any CPU.ActiveCfg = Release|Any CPU
		{5DCEE1EC-CA33-431A-AA07-F1E4035072C7}.Release|Any CPU.Build.0 = Release|Any CPU
		{0197FA2E-892B-46C0-B2B8-9C763A761899}.Debug|Any CPU.ActiveCfg = Debug|Any CPU
		{0197FA2E-892B-46C0-B2B8-9C763A761899}.Debug|Any CPU.Build.0 = Debug|Any CPU
		{0197FA2E-892B-46C0-B2B8-9C763A761899}.Release|Any CPU.ActiveCfg = Release|Any CPU
		{0197FA2E-892B-46C0-B2B8-9C763A761899}.Release|Any CPU.Build.0 = Release|Any CPU
		{11CC408F-2876-459C-B78F-FFCC24318343}.Debug|Any CPU.ActiveCfg = Debug|Any CPU
		{11CC408F-2876-459C-B78F-FFCC24318343}.Debug|Any CPU.Build.0 = Debug|Any CPU
		{11CC408F-2876-459C-B78F-FFCC24318343}.Release|Any CPU.ActiveCfg = Release|Any CPU
		{11CC408F-2876-459C-B78F-FFCC24318343}.Release|Any CPU.Build.0 = Release|Any CPU
	EndGlobalSection
	GlobalSection(SolutionProperties) = preSolution
		HideSolutionNode = FALSE
	EndGlobalSection
	GlobalSection(ExtensibilityGlobals) = postSolution
		SolutionGuid = {902D2B96-5D96-413A-A2DA-D6179FA631C8}
	EndGlobalSection
EndGlobal
