
Microsoft Visual Studio Solution File, Format Version 12.00
# Visual Studio Version 16
VisualStudioVersion = 16.0.31129.286
MinimumVisualStudioVersion = 10.0.40219.1
Project("{9A19103F-16F7-4668-BE54-9A1E7A4F7556}") = "AdvancedCSharp", "AdvancedCSharp\AdvancedCSharp.csproj", "{D221DD44-8C5D-4026-B0F1-AD7391EC439C}"
EndProject
Project("{9A19103F-16F7-4668-BE54-9A1E7A4F7556}") = "TestProject", "TestProject1\TestProject.csproj", "{188F0629-331B-4949-B6DA-07EA239180A1}"
EndProject
Project("{FAE04EC0-301F-11D3-BF4B-00C04F79EFBC}") = "FileVisitorClassLibrary", "FileVisitorClassLibrary\FileVisitorClassLibrary.csproj", "{38D6AF91-B455-4987-BAEA-5EA6DAF7D1E8}"
EndProject
Global
	GlobalSection(SolutionConfigurationPlatforms) = preSolution
		Debug|Any CPU = Debug|Any CPU
		Release|Any CPU = Release|Any CPU
	EndGlobalSection
	GlobalSection(ProjectConfigurationPlatforms) = postSolution
		{D221DD44-8C5D-4026-B0F1-AD7391EC439C}.Debug|Any CPU.ActiveCfg = Debug|Any CPU
		{D221DD44-8C5D-4026-B0F1-AD7391EC439C}.Debug|Any CPU.Build.0 = Debug|Any CPU
		{D221DD44-8C5D-4026-B0F1-AD7391EC439C}.Release|Any CPU.ActiveCfg = Release|Any CPU
		{D221DD44-8C5D-4026-B0F1-AD7391EC439C}.Release|Any CPU.Build.0 = Release|Any CPU
		{188F0629-331B-4949-B6DA-07EA239180A1}.Debug|Any CPU.ActiveCfg = Debug|Any CPU
		{188F0629-331B-4949-B6DA-07EA239180A1}.Debug|Any CPU.Build.0 = Debug|Any CPU
		{188F0629-331B-4949-B6DA-07EA239180A1}.Release|Any CPU.ActiveCfg = Release|Any CPU
		{188F0629-331B-4949-B6DA-07EA239180A1}.Release|Any CPU.Build.0 = Release|Any CPU
		{38D6AF91-B455-4987-BAEA-5EA6DAF7D1E8}.Debug|Any CPU.ActiveCfg = Debug|Any CPU
		{38D6AF91-B455-4987-BAEA-5EA6DAF7D1E8}.Debug|Any CPU.Build.0 = Debug|Any CPU
		{38D6AF91-B455-4987-BAEA-5EA6DAF7D1E8}.Release|Any CPU.ActiveCfg = Release|Any CPU
		{38D6AF91-B455-4987-BAEA-5EA6DAF7D1E8}.Release|Any CPU.Build.0 = Release|Any CPU
	EndGlobalSection
	GlobalSection(SolutionProperties) = preSolution
		HideSolutionNode = FALSE
	EndGlobalSection
	GlobalSection(ExtensibilityGlobals) = postSolution
		SolutionGuid = {ED6FD11D-9B97-4599-A239-B97EAC9F99F5}
	EndGlobalSection
EndGlobal
